
Microsoft Visual Studio Solution File, Format Version 12.00
# Visual Studio 15
VisualStudioVersion = 15.0.28010.2048
MinimumVisualStudioVersion = 10.0.40219.1
Project("{FAE04EC0-301F-11D3-BF4B-00C04F79EFBC}") = "SalesOpportunityManagement", "SalesOpportunityManagement\SalesOpportunityManagement.csproj", "{D99F4B52-D1EB-4315-9061-BD7087D2DA89}"
EndProject
Global
	GlobalSection(SolutionConfigurationPlatforms) = preSolution
		Debug|Any CPU = Debug|Any CPU
		Release|Any CPU = Release|Any CPU
	EndGlobalSection
	GlobalSection(ProjectConfigurationPlatforms) = postSolution
		{D99F4B52-D1EB-4315-9061-BD7087D2DA89}.Debug|Any CPU.ActiveCfg = Debug|Any CPU
		{D99F4B52-D1EB-4315-9061-BD7087D2DA89}.Debug|Any CPU.Build.0 = Debug|Any CPU
		{D99F4B52-D1EB-4315-9061-BD7087D2DA89}.Release|Any CPU.ActiveCfg = Release|Any CPU
		{D99F4B52-D1EB-4315-9061-BD7087D2DA89}.Release|Any CPU.Build.0 = Release|Any CPU
	EndGlobalSection
	GlobalSection(SolutionProperties) = preSolution
		HideSolutionNode = FALSE
	EndGlobalSection
	GlobalSection(ExtensibilityGlobals) = postSolution
		SolutionGuid = {AA829AE3-22CB-486E-84CA-83BFDE067628}
	EndGlobalSection
EndGlobal
