
Microsoft Visual Studio Solution File, Format Version 12.00
# Visual Studio 15
VisualStudioVersion = 15.0.27130.2026
MinimumVisualStudioVersion = 10.0.40219.1
Project("{FAE04EC0-301F-11D3-BF4B-00C04F79EFBC}") = "WCFServiceCliente", "WCFServices\WCFServiceCliente.csproj", "{302F9DE2-9287-48A0-AD2C-31E768603CAA}"
EndProject
Project("{FAE04EC0-301F-11D3-BF4B-00C04F79EFBC}") = "WCFServicesTest", "WCFServicesTest\WCFServicesTest.csproj", "{C517BEF6-85C2-431D-809B-0DD431B4B1F7}"
	ProjectSection(ProjectDependencies) = postProject
		{302F9DE2-9287-48A0-AD2C-31E768603CAA} = {302F9DE2-9287-48A0-AD2C-31E768603CAA}
	EndProjectSection
EndProject
Project("{FAE04EC0-301F-11D3-BF4B-00C04F79EFBC}") = "WCFServiceOfertaVenta", "WCFServiceOfertaVenta\WCFServiceOfertaVenta.csproj", "{76628880-753F-4D15-BB37-85C15D014224}"
	ProjectSection(ProjectDependencies) = postProject
		{302F9DE2-9287-48A0-AD2C-31E768603CAA} = {302F9DE2-9287-48A0-AD2C-31E768603CAA}
	EndProjectSection
EndProject
Project("{FAE04EC0-301F-11D3-BF4B-00C04F79EFBC}") = "WCFServiceControlAcceso", "WCFServiceControlAcceso\WCFServiceControlAcceso.csproj", "{0CD44160-6137-4FF4-8DB2-65C031886880}"
EndProject
Project("{FAE04EC0-301F-11D3-BF4B-00C04F79EFBC}") = "WCFServiceActividad", "WCFServiceActividad\WCFServiceActividad.csproj", "{B9E7F4D3-1F6D-400D-A21A-72872E65A3DD}"
EndProject
Project("{FAE04EC0-301F-11D3-BF4B-00C04F79EFBC}") = "WCFServiceAPI", "WCFServiceAPI\WCFServiceAPI.csproj", "{1A087954-075F-4716-AA05-37A1A961DC73}"
EndProject
Project("{FAE04EC0-301F-11D3-BF4B-00C04F79EFBC}") = "WCFServiceOportunidad", "WCFServiceOportunidad\WCFServiceOportunidad.csproj", "{96E96F3D-F70D-4653-A7EC-9242C11E6F07}"
EndProject
Project("{FAE04EC0-301F-11D3-BF4B-00C04F79EFBC}") = "WCFServiceNotificacion", "WCFServiceNotificacion\WCFServiceNotificacion.csproj", "{3BACE7B0-5E17-4105-AD3C-C0BC88510FC3}"
EndProject
Global
	GlobalSection(SolutionConfigurationPlatforms) = preSolution
		Debug|Any CPU = Debug|Any CPU
		Debug|x64 = Debug|x64
		Debug|x86 = Debug|x86
		Release|Any CPU = Release|Any CPU
		Release|x64 = Release|x64
		Release|x86 = Release|x86
		x86|Any CPU = x86|Any CPU
		x86|x64 = x86|x64
		x86|x86 = x86|x86
	EndGlobalSection
	GlobalSection(ProjectConfigurationPlatforms) = postSolution
		{302F9DE2-9287-48A0-AD2C-31E768603CAA}.Debug|Any CPU.ActiveCfg = Debug|Any CPU
		{302F9DE2-9287-48A0-AD2C-31E768603CAA}.Debug|Any CPU.Build.0 = Debug|Any CPU
		{302F9DE2-9287-48A0-AD2C-31E768603CAA}.Debug|x64.ActiveCfg = Debug|Any CPU
		{302F9DE2-9287-48A0-AD2C-31E768603CAA}.Debug|x64.Build.0 = Debug|Any CPU
		{302F9DE2-9287-48A0-AD2C-31E768603CAA}.Debug|x86.ActiveCfg = Debug|Any CPU
		{302F9DE2-9287-48A0-AD2C-31E768603CAA}.Debug|x86.Build.0 = Debug|Any CPU
		{302F9DE2-9287-48A0-AD2C-31E768603CAA}.Release|Any CPU.ActiveCfg = Release|Any CPU
		{302F9DE2-9287-48A0-AD2C-31E768603CAA}.Release|Any CPU.Build.0 = Release|Any CPU
		{302F9DE2-9287-48A0-AD2C-31E768603CAA}.Release|x64.ActiveCfg = Release|Any CPU
		{302F9DE2-9287-48A0-AD2C-31E768603CAA}.Release|x64.Build.0 = Release|Any CPU
		{302F9DE2-9287-48A0-AD2C-31E768603CAA}.Release|x86.ActiveCfg = Release|Any CPU
		{302F9DE2-9287-48A0-AD2C-31E768603CAA}.Release|x86.Build.0 = Release|Any CPU
		{302F9DE2-9287-48A0-AD2C-31E768603CAA}.x86|Any CPU.ActiveCfg = Release|Any CPU
		{302F9DE2-9287-48A0-AD2C-31E768603CAA}.x86|Any CPU.Build.0 = Release|Any CPU
		{302F9DE2-9287-48A0-AD2C-31E768603CAA}.x86|x64.ActiveCfg = Release|Any CPU
		{302F9DE2-9287-48A0-AD2C-31E768603CAA}.x86|x64.Build.0 = Release|Any CPU
		{302F9DE2-9287-48A0-AD2C-31E768603CAA}.x86|x86.ActiveCfg = Release|Any CPU
		{302F9DE2-9287-48A0-AD2C-31E768603CAA}.x86|x86.Build.0 = Release|Any CPU
		{C517BEF6-85C2-431D-809B-0DD431B4B1F7}.Debug|Any CPU.ActiveCfg = Debug|Any CPU
		{C517BEF6-85C2-431D-809B-0DD431B4B1F7}.Debug|Any CPU.Build.0 = Debug|Any CPU
		{C517BEF6-85C2-431D-809B-0DD431B4B1F7}.Debug|x64.ActiveCfg = Debug|Any CPU
		{C517BEF6-85C2-431D-809B-0DD431B4B1F7}.Debug|x64.Build.0 = Debug|Any CPU
		{C517BEF6-85C2-431D-809B-0DD431B4B1F7}.Debug|x86.ActiveCfg = Debug|Any CPU
		{C517BEF6-85C2-431D-809B-0DD431B4B1F7}.Debug|x86.Build.0 = Debug|Any CPU
		{C517BEF6-85C2-431D-809B-0DD431B4B1F7}.Release|Any CPU.ActiveCfg = Release|Any CPU
		{C517BEF6-85C2-431D-809B-0DD431B4B1F7}.Release|Any CPU.Build.0 = Release|Any CPU
		{C517BEF6-85C2-431D-809B-0DD431B4B1F7}.Release|x64.ActiveCfg = Release|Any CPU
		{C517BEF6-85C2-431D-809B-0DD431B4B1F7}.Release|x64.Build.0 = Release|Any CPU
		{C517BEF6-85C2-431D-809B-0DD431B4B1F7}.Release|x86.ActiveCfg = Release|Any CPU
		{C517BEF6-85C2-431D-809B-0DD431B4B1F7}.Release|x86.Build.0 = Release|Any CPU
		{C517BEF6-85C2-431D-809B-0DD431B4B1F7}.x86|Any CPU.ActiveCfg = Release|Any CPU
		{C517BEF6-85C2-431D-809B-0DD431B4B1F7}.x86|Any CPU.Build.0 = Release|Any CPU
		{C517BEF6-85C2-431D-809B-0DD431B4B1F7}.x86|x64.ActiveCfg = Release|Any CPU
		{C517BEF6-85C2-431D-809B-0DD431B4B1F7}.x86|x64.Build.0 = Release|Any CPU
		{C517BEF6-85C2-431D-809B-0DD431B4B1F7}.x86|x86.ActiveCfg = Release|Any CPU
		{C517BEF6-85C2-431D-809B-0DD431B4B1F7}.x86|x86.Build.0 = Release|Any CPU
		{76628880-753F-4D15-BB37-85C15D014224}.Debug|Any CPU.ActiveCfg = Debug|Any CPU
		{76628880-753F-4D15-BB37-85C15D014224}.Debug|Any CPU.Build.0 = Debug|Any CPU
		{76628880-753F-4D15-BB37-85C15D014224}.Debug|x64.ActiveCfg = Debug|Any CPU
		{76628880-753F-4D15-BB37-85C15D014224}.Debug|x64.Build.0 = Debug|Any CPU
		{76628880-753F-4D15-BB37-85C15D014224}.Debug|x86.ActiveCfg = Debug|Any CPU
		{76628880-753F-4D15-BB37-85C15D014224}.Debug|x86.Build.0 = Debug|Any CPU
		{76628880-753F-4D15-BB37-85C15D014224}.Release|Any CPU.ActiveCfg = Release|Any CPU
		{76628880-753F-4D15-BB37-85C15D014224}.Release|Any CPU.Build.0 = Release|Any CPU
		{76628880-753F-4D15-BB37-85C15D014224}.Release|x64.ActiveCfg = Release|Any CPU
		{76628880-753F-4D15-BB37-85C15D014224}.Release|x64.Build.0 = Release|Any CPU
		{76628880-753F-4D15-BB37-85C15D014224}.Release|x86.ActiveCfg = Release|Any CPU
		{76628880-753F-4D15-BB37-85C15D014224}.Release|x86.Build.0 = Release|Any CPU
		{76628880-753F-4D15-BB37-85C15D014224}.x86|Any CPU.ActiveCfg = Release|Any CPU
		{76628880-753F-4D15-BB37-85C15D014224}.x86|Any CPU.Build.0 = Release|Any CPU
		{76628880-753F-4D15-BB37-85C15D014224}.x86|x64.ActiveCfg = Release|Any CPU
		{76628880-753F-4D15-BB37-85C15D014224}.x86|x64.Build.0 = Release|Any CPU
		{76628880-753F-4D15-BB37-85C15D014224}.x86|x86.ActiveCfg = Release|Any CPU
		{76628880-753F-4D15-BB37-85C15D014224}.x86|x86.Build.0 = Release|Any CPU
		{0CD44160-6137-4FF4-8DB2-65C031886880}.Debug|Any CPU.ActiveCfg = Debug|Any CPU
		{0CD44160-6137-4FF4-8DB2-65C031886880}.Debug|Any CPU.Build.0 = Debug|Any CPU
		{0CD44160-6137-4FF4-8DB2-65C031886880}.Debug|x64.ActiveCfg = Debug|Any CPU
		{0CD44160-6137-4FF4-8DB2-65C031886880}.Debug|x64.Build.0 = Debug|Any CPU
		{0CD44160-6137-4FF4-8DB2-65C031886880}.Debug|x86.ActiveCfg = Debug|Any CPU
		{0CD44160-6137-4FF4-8DB2-65C031886880}.Debug|x86.Build.0 = Debug|Any CPU
		{0CD44160-6137-4FF4-8DB2-65C031886880}.Release|Any CPU.ActiveCfg = Release|Any CPU
		{0CD44160-6137-4FF4-8DB2-65C031886880}.Release|Any CPU.Build.0 = Release|Any CPU
		{0CD44160-6137-4FF4-8DB2-65C031886880}.Release|x64.ActiveCfg = Release|Any CPU
		{0CD44160-6137-4FF4-8DB2-65C031886880}.Release|x64.Build.0 = Release|Any CPU
		{0CD44160-6137-4FF4-8DB2-65C031886880}.Release|x86.ActiveCfg = Release|Any CPU
		{0CD44160-6137-4FF4-8DB2-65C031886880}.Release|x86.Build.0 = Release|Any CPU
		{0CD44160-6137-4FF4-8DB2-65C031886880}.x86|Any CPU.ActiveCfg = Release|Any CPU
		{0CD44160-6137-4FF4-8DB2-65C031886880}.x86|Any CPU.Build.0 = Release|Any CPU
		{0CD44160-6137-4FF4-8DB2-65C031886880}.x86|x64.ActiveCfg = Release|Any CPU
		{0CD44160-6137-4FF4-8DB2-65C031886880}.x86|x64.Build.0 = Release|Any CPU
		{0CD44160-6137-4FF4-8DB2-65C031886880}.x86|x86.ActiveCfg = Release|Any CPU
		{0CD44160-6137-4FF4-8DB2-65C031886880}.x86|x86.Build.0 = Release|Any CPU
		{B9E7F4D3-1F6D-400D-A21A-72872E65A3DD}.Debug|Any CPU.ActiveCfg = Debug|Any CPU
		{B9E7F4D3-1F6D-400D-A21A-72872E65A3DD}.Debug|Any CPU.Build.0 = Debug|Any CPU
		{B9E7F4D3-1F6D-400D-A21A-72872E65A3DD}.Debug|x64.ActiveCfg = Debug|Any CPU
		{B9E7F4D3-1F6D-400D-A21A-72872E65A3DD}.Debug|x64.Build.0 = Debug|Any CPU
		{B9E7F4D3-1F6D-400D-A21A-72872E65A3DD}.Debug|x86.ActiveCfg = Debug|Any CPU
		{B9E7F4D3-1F6D-400D-A21A-72872E65A3DD}.Debug|x86.Build.0 = Debug|Any CPU
		{B9E7F4D3-1F6D-400D-A21A-72872E65A3DD}.Release|Any CPU.ActiveCfg = Release|Any CPU
		{B9E7F4D3-1F6D-400D-A21A-72872E65A3DD}.Release|Any CPU.Build.0 = Release|Any CPU
		{B9E7F4D3-1F6D-400D-A21A-72872E65A3DD}.Release|x64.ActiveCfg = Release|Any CPU
		{B9E7F4D3-1F6D-400D-A21A-72872E65A3DD}.Release|x64.Build.0 = Release|Any CPU
		{B9E7F4D3-1F6D-400D-A21A-72872E65A3DD}.Release|x86.ActiveCfg = Release|Any CPU
		{B9E7F4D3-1F6D-400D-A21A-72872E65A3DD}.Release|x86.Build.0 = Release|Any CPU
		{B9E7F4D3-1F6D-400D-A21A-72872E65A3DD}.x86|Any CPU.ActiveCfg = Release|Any CPU
		{B9E7F4D3-1F6D-400D-A21A-72872E65A3DD}.x86|Any CPU.Build.0 = Release|Any CPU
		{B9E7F4D3-1F6D-400D-A21A-72872E65A3DD}.x86|x64.ActiveCfg = Release|Any CPU
		{B9E7F4D3-1F6D-400D-A21A-72872E65A3DD}.x86|x64.Build.0 = Release|Any CPU
		{B9E7F4D3-1F6D-400D-A21A-72872E65A3DD}.x86|x86.ActiveCfg = Release|Any CPU
		{B9E7F4D3-1F6D-400D-A21A-72872E65A3DD}.x86|x86.Build.0 = Release|Any CPU
		{1A087954-075F-4716-AA05-37A1A961DC73}.Debug|Any CPU.ActiveCfg = Debug|Any CPU
		{1A087954-075F-4716-AA05-37A1A961DC73}.Debug|Any CPU.Build.0 = Debug|Any CPU
		{1A087954-075F-4716-AA05-37A1A961DC73}.Debug|x64.ActiveCfg = Debug|Any CPU
		{1A087954-075F-4716-AA05-37A1A961DC73}.Debug|x64.Build.0 = Debug|Any CPU
		{1A087954-075F-4716-AA05-37A1A961DC73}.Debug|x86.ActiveCfg = Debug|Any CPU
		{1A087954-075F-4716-AA05-37A1A961DC73}.Debug|x86.Build.0 = Debug|Any CPU
		{1A087954-075F-4716-AA05-37A1A961DC73}.Release|Any CPU.ActiveCfg = Release|Any CPU
		{1A087954-075F-4716-AA05-37A1A961DC73}.Release|Any CPU.Build.0 = Release|Any CPU
		{1A087954-075F-4716-AA05-37A1A961DC73}.Release|x64.ActiveCfg = Release|Any CPU
		{1A087954-075F-4716-AA05-37A1A961DC73}.Release|x64.Build.0 = Release|Any CPU
		{1A087954-075F-4716-AA05-37A1A961DC73}.Release|x86.ActiveCfg = Release|Any CPU
		{1A087954-075F-4716-AA05-37A1A961DC73}.Release|x86.Build.0 = Release|Any CPU
		{1A087954-075F-4716-AA05-37A1A961DC73}.x86|Any CPU.ActiveCfg = Release|Any CPU
		{1A087954-075F-4716-AA05-37A1A961DC73}.x86|Any CPU.Build.0 = Release|Any CPU
		{1A087954-075F-4716-AA05-37A1A961DC73}.x86|x64.ActiveCfg = Release|Any CPU
		{1A087954-075F-4716-AA05-37A1A961DC73}.x86|x64.Build.0 = Release|Any CPU
		{1A087954-075F-4716-AA05-37A1A961DC73}.x86|x86.ActiveCfg = Release|Any CPU
		{1A087954-075F-4716-AA05-37A1A961DC73}.x86|x86.Build.0 = Release|Any CPU
		{96E96F3D-F70D-4653-A7EC-9242C11E6F07}.Debug|Any CPU.ActiveCfg = Debug|Any CPU
		{96E96F3D-F70D-4653-A7EC-9242C11E6F07}.Debug|Any CPU.Build.0 = Debug|Any CPU
		{96E96F3D-F70D-4653-A7EC-9242C11E6F07}.Debug|x64.ActiveCfg = Debug|Any CPU
		{96E96F3D-F70D-4653-A7EC-9242C11E6F07}.Debug|x64.Build.0 = Debug|Any CPU
		{96E96F3D-F70D-4653-A7EC-9242C11E6F07}.Debug|x86.ActiveCfg = Debug|Any CPU
		{96E96F3D-F70D-4653-A7EC-9242C11E6F07}.Debug|x86.Build.0 = Debug|Any CPU
		{96E96F3D-F70D-4653-A7EC-9242C11E6F07}.Release|Any CPU.ActiveCfg = Release|Any CPU
		{96E96F3D-F70D-4653-A7EC-9242C11E6F07}.Release|Any CPU.Build.0 = Release|Any CPU
		{96E96F3D-F70D-4653-A7EC-9242C11E6F07}.Release|x64.ActiveCfg = Release|Any CPU
		{96E96F3D-F70D-4653-A7EC-9242C11E6F07}.Release|x64.Build.0 = Release|Any CPU
		{96E96F3D-F70D-4653-A7EC-9242C11E6F07}.Release|x86.ActiveCfg = Release|Any CPU
		{96E96F3D-F70D-4653-A7EC-9242C11E6F07}.Release|x86.Build.0 = Release|Any CPU
		{96E96F3D-F70D-4653-A7EC-9242C11E6F07}.x86|Any CPU.ActiveCfg = Release|Any CPU
		{96E96F3D-F70D-4653-A7EC-9242C11E6F07}.x86|Any CPU.Build.0 = Release|Any CPU
		{96E96F3D-F70D-4653-A7EC-9242C11E6F07}.x86|x64.ActiveCfg = Release|Any CPU
		{96E96F3D-F70D-4653-A7EC-9242C11E6F07}.x86|x64.Build.0 = Release|Any CPU
		{96E96F3D-F70D-4653-A7EC-9242C11E6F07}.x86|x86.ActiveCfg = Release|Any CPU
		{96E96F3D-F70D-4653-A7EC-9242C11E6F07}.x86|x86.Build.0 = Release|Any CPU
		{3BACE7B0-5E17-4105-AD3C-C0BC88510FC3}.Debug|Any CPU.ActiveCfg = Debug|Any CPU
		{3BACE7B0-5E17-4105-AD3C-C0BC88510FC3}.Debug|Any CPU.Build.0 = Debug|Any CPU
		{3BACE7B0-5E17-4105-AD3C-C0BC88510FC3}.Debug|x64.ActiveCfg = Debug|Any CPU
		{3BACE7B0-5E17-4105-AD3C-C0BC88510FC3}.Debug|x64.Build.0 = Debug|Any CPU
		{3BACE7B0-5E17-4105-AD3C-C0BC88510FC3}.Debug|x86.ActiveCfg = Debug|Any CPU
		{3BACE7B0-5E17-4105-AD3C-C0BC88510FC3}.Debug|x86.Build.0 = Debug|Any CPU
		{3BACE7B0-5E17-4105-AD3C-C0BC88510FC3}.Release|Any CPU.ActiveCfg = Release|Any CPU
		{3BACE7B0-5E17-4105-AD3C-C0BC88510FC3}.Release|Any CPU.Build.0 = Release|Any CPU
		{3BACE7B0-5E17-4105-AD3C-C0BC88510FC3}.Release|x64.ActiveCfg = Release|Any CPU
		{3BACE7B0-5E17-4105-AD3C-C0BC88510FC3}.Release|x64.Build.0 = Release|Any CPU
		{3BACE7B0-5E17-4105-AD3C-C0BC88510FC3}.Release|x86.ActiveCfg = Release|Any CPU
		{3BACE7B0-5E17-4105-AD3C-C0BC88510FC3}.Release|x86.Build.0 = Release|Any CPU
		{3BACE7B0-5E17-4105-AD3C-C0BC88510FC3}.x86|Any CPU.ActiveCfg = Release|Any CPU
		{3BACE7B0-5E17-4105-AD3C-C0BC88510FC3}.x86|Any CPU.Build.0 = Release|Any CPU
		{3BACE7B0-5E17-4105-AD3C-C0BC88510FC3}.x86|x64.ActiveCfg = Release|Any CPU
		{3BACE7B0-5E17-4105-AD3C-C0BC88510FC3}.x86|x64.Build.0 = Release|Any CPU
		{3BACE7B0-5E17-4105-AD3C-C0BC88510FC3}.x86|x86.ActiveCfg = Release|Any CPU
		{3BACE7B0-5E17-4105-AD3C-C0BC88510FC3}.x86|x86.Build.0 = Release|Any CPU
	EndGlobalSection
	GlobalSection(SolutionProperties) = preSolution
		HideSolutionNode = FALSE
	EndGlobalSection
	GlobalSection(ExtensibilityGlobals) = postSolution
		SolutionGuid = {CF1A0E41-5B9F-4EC4-890C-D9051FC37E76}
	EndGlobalSection
EndGlobal
